// !$*UTF8*$!
{
	archiveVersion = 1;
	classes = {
	};
	objectVersion = 46;
	objects = {

/* Begin PBXBuildFile section */
		BE7F096C154C223F00D6CC65 /* UIKit.framework in Frameworks */ = {isa = PBXBuildFile; fileRef = BE7F096B154C223F00D6CC65 /* UIKit.framework */; };
		BE7F096E154C223F00D6CC65 /* Foundation.framework in Frameworks */ = {isa = PBXBuildFile; fileRef = BE7F096D154C223F00D6CC65 /* Foundation.framework */; };
		BE7F0970154C223F00D6CC65 /* CoreGraphics.framework in Frameworks */ = {isa = PBXBuildFile; fileRef = BE7F096F154C223F00D6CC65 /* CoreGraphics.framework */; };
		BE7F0976154C223F00D6CC65 /* InfoPlist.strings in Resources */ = {isa = PBXBuildFile; fileRef = BE7F0974154C223F00D6CC65 /* InfoPlist.strings */; };
		BE7F0978154C223F00D6CC65 /* main.m in Sources */ = {isa = PBXBuildFile; fileRef = BE7F0977154C223F00D6CC65 /* main.m */; };
		BE7F097C154C223F00D6CC65 /* AppDelegate.m in Sources */ = {isa = PBXBuildFile; fileRef = BE7F097B154C223F00D6CC65 /* AppDelegate.m */; };
		BE7F097F154C223F00D6CC65 /* SearchViewController.m in Sources */ = {isa = PBXBuildFile; fileRef = BE7F097E154C223F00D6CC65 /* SearchViewController.m */; };
		BE7F0982154C223F00D6CC65 /* SearchViewController.xib in Resources */ = {isa = PBXBuildFile; fileRef = BE7F0980154C223F00D6CC65 /* SearchViewController.xib */; };
		BE7F098A154C508D00D6CC65 /* SearchResult.m in Sources */ = {isa = PBXBuildFile; fileRef = BE7F0989154C508D00D6CC65 /* SearchResult.m */; };
		BE7F099B154C631900D6CC65 /* BarTexture.png in Resources */ = {isa = PBXBuildFile; fileRef = BE7F098C154C631900D6CC65 /* BarTexture.png */; };
		BE7F099C154C631900D6CC65 /* BarTexture@2x.png in Resources */ = {isa = PBXBuildFile; fileRef = BE7F098D154C631900D6CC65 /* BarTexture@2x.png */; };
		BE7F099D154C631900D6CC65 /* CloseButton.png in Resources */ = {isa = PBXBuildFile; fileRef = BE7F098E154C631900D6CC65 /* CloseButton.png */; };
		BE7F099E154C631900D6CC65 /* CloseButton@2x.png in Resources */ = {isa = PBXBuildFile; fileRef = BE7F098F154C631900D6CC65 /* CloseButton@2x.png */; };
		BE7F099F154C631900D6CC65 /* DetailPlaceholder.png in Resources */ = {isa = PBXBuildFile; fileRef = BE7F0990154C631900D6CC65 /* DetailPlaceholder.png */; };
		BE7F09A0154C631900D6CC65 /* DetailPlaceholder@2x.png in Resources */ = {isa = PBXBuildFile; fileRef = BE7F0991154C631900D6CC65 /* DetailPlaceholder@2x.png */; };
		BE7F09A1154C631900D6CC65 /* LandscapeBackground.png in Resources */ = {isa = PBXBuildFile; fileRef = BE7F0992154C631900D6CC65 /* LandscapeBackground.png */; };
		BE7F09A2154C631900D6CC65 /* LandscapeButton.png in Resources */ = {isa = PBXBuildFile; fileRef = BE7F0993154C631900D6CC65 /* LandscapeButton.png */; };
		BE7F09A3154C631900D6CC65 /* LandscapeButton@2x.png in Resources */ = {isa = PBXBuildFile; fileRef = BE7F0994154C631900D6CC65 /* LandscapeButton@2x.png */; };
		BE7F09A4154C631900D6CC65 /* Placeholder.png in Resources */ = {isa = PBXBuildFile; fileRef = BE7F0995154C631900D6CC65 /* Placeholder.png */; };
		BE7F09A5154C631900D6CC65 /* Placeholder@2x.png in Resources */ = {isa = PBXBuildFile; fileRef = BE7F0996154C631900D6CC65 /* Placeholder@2x.png */; };
		BE7F09A6154C631900D6CC65 /* SelectedTableCellGradient.png in Resources */ = {isa = PBXBuildFile; fileRef = BE7F0997154C631900D6CC65 /* SelectedTableCellGradient.png */; };
		BE7F09A7154C631900D6CC65 /* StoreButton.png in Resources */ = {isa = PBXBuildFile; fileRef = BE7F0998154C631900D6CC65 /* StoreButton.png */; };
		BE7F09A8154C631900D6CC65 /* StoreButton@2x.png in Resources */ = {isa = PBXBuildFile; fileRef = BE7F0999154C631900D6CC65 /* StoreButton@2x.png */; };
		BE7F09A9154C631900D6CC65 /* TableCellGradient.png in Resources */ = {isa = PBXBuildFile; fileRef = BE7F099A154C631900D6CC65 /* TableCellGradient.png */; };
		BE7F09AB154C637700D6CC65 /* SearchResultCell.xib in Resources */ = {isa = PBXBuildFile; fileRef = BE7F09AA154C637700D6CC65 /* SearchResultCell.xib */; };
		BE7F09AE154C6E0A00D6CC65 /* SearchResultCell.m in Sources */ = {isa = PBXBuildFile; fileRef = BE7F09AD154C6E0A00D6CC65 /* SearchResultCell.m */; };
		BE7F09B0154C842D00D6CC65 /* NothingFoundCell.xib in Resources */ = {isa = PBXBuildFile; fileRef = BE7F09AF154C842D00D6CC65 /* NothingFoundCell.xib */; };
		BE7F09B9154C8AD800D6CC65 /* Icon-72.png in Resources */ = {isa = PBXBuildFile; fileRef = BE7F09B2154C8AD800D6CC65 /* Icon-72.png */; };
		BE7F09BA154C8AD800D6CC65 /* Icon-Small-50.png in Resources */ = {isa = PBXBuildFile; fileRef = BE7F09B3154C8AD800D6CC65 /* Icon-Small-50.png */; };
		BE7F09BB154C8AD800D6CC65 /* Icon-Small.png in Resources */ = {isa = PBXBuildFile; fileRef = BE7F09B4154C8AD800D6CC65 /* Icon-Small.png */; };
		BE7F09BC154C8AD800D6CC65 /* Icon-Small@2x.png in Resources */ = {isa = PBXBuildFile; fileRef = BE7F09B5154C8AD800D6CC65 /* Icon-Small@2x.png */; };
		BE7F09BD154C8AD800D6CC65 /* Icon.png in Resources */ = {isa = PBXBuildFile; fileRef = BE7F09B6154C8AD800D6CC65 /* Icon.png */; };
		BE7F09BE154C8AD800D6CC65 /* Icon@2x.png in Resources */ = {isa = PBXBuildFile; fileRef = BE7F09B7154C8AD800D6CC65 /* Icon@2x.png */; };
		BE7F09BF154C8AD800D6CC65 /* iTunesArtwork in Resources */ = {isa = PBXBuildFile; fileRef = BE7F09B8154C8AD800D6CC65 /* iTunesArtwork */; };
		BEAB72A2154E1B46002C28C0 /* LoadingCell.xib in Resources */ = {isa = PBXBuildFile; fileRef = BEAB72A1154E1B46002C28C0 /* LoadingCell.xib */; };
		BEAB72BB154F6789002C28C0 /* AFHTTPClient.m in Sources */ = {isa = PBXBuildFile; fileRef = BEAB72A6154F6789002C28C0 /* AFHTTPClient.m */; settings = {COMPILER_FLAGS = "-fno-objc-arc -Wno-unused"; }; };
		BEAB72BC154F6789002C28C0 /* AFHTTPRequestOperation.m in Sources */ = {isa = PBXBuildFile; fileRef = BEAB72A8154F6789002C28C0 /* AFHTTPRequestOperation.m */; settings = {COMPILER_FLAGS = "-fno-objc-arc"; }; };
		BEAB72BD154F6789002C28C0 /* AFImageCache.m in Sources */ = {isa = PBXBuildFile; fileRef = BEAB72AA154F6789002C28C0 /* AFImageCache.m */; settings = {COMPILER_FLAGS = "-fno-objc-arc"; }; };
		BEAB72BE154F6789002C28C0 /* AFImageRequestOperation.m in Sources */ = {isa = PBXBuildFile; fileRef = BEAB72AC154F6789002C28C0 /* AFImageRequestOperation.m */; settings = {COMPILER_FLAGS = "-fno-objc-arc"; }; };
		BEAB72BF154F6789002C28C0 /* AFJSONRequestOperation.m in Sources */ = {isa = PBXBuildFile; fileRef = BEAB72AE154F6789002C28C0 /* AFJSONRequestOperation.m */; settings = {COMPILER_FLAGS = "-fno-objc-arc -Wno-unused"; }; };
		BEAB72C0154F6789002C28C0 /* AFNetworkActivityIndicatorManager.m in Sources */ = {isa = PBXBuildFile; fileRef = BEAB72B1154F6789002C28C0 /* AFNetworkActivityIndicatorManager.m */; settings = {COMPILER_FLAGS = "-fno-objc-arc"; }; };
		BEAB72C1154F6789002C28C0 /* AFPropertyListRequestOperation.m in Sources */ = {isa = PBXBuildFile; fileRef = BEAB72B4154F6789002C28C0 /* AFPropertyListRequestOperation.m */; settings = {COMPILER_FLAGS = "-fno-objc-arc"; }; };
		BEAB72C2154F6789002C28C0 /* AFURLConnectionOperation.m in Sources */ = {isa = PBXBuildFile; fileRef = BEAB72B6154F6789002C28C0 /* AFURLConnectionOperation.m */; settings = {COMPILER_FLAGS = "-fno-objc-arc"; }; };
		BEAB72C3154F6789002C28C0 /* AFXMLRequestOperation.m in Sources */ = {isa = PBXBuildFile; fileRef = BEAB72B8154F6789002C28C0 /* AFXMLRequestOperation.m */; settings = {COMPILER_FLAGS = "-fno-objc-arc -Wno-unused"; }; };
		BEAB72C4154F6789002C28C0 /* UIImageView+AFNetworking.m in Sources */ = {isa = PBXBuildFile; fileRef = BEAB72BA154F6789002C28C0 /* UIImageView+AFNetworking.m */; settings = {COMPILER_FLAGS = "-fno-objc-arc"; }; };
		BEAB72C8154F7B32002C28C0 /* Default.png in Resources */ = {isa = PBXBuildFile; fileRef = BEAB72C6154F7B32002C28C0 /* Default.png */; };
		BEAB72C9154F7B32002C28C0 /* Default@2x.png in Resources */ = {isa = PBXBuildFile; fileRef = BEAB72C7154F7B32002C28C0 /* Default@2x.png */; };
/* End PBXBuildFile section */

/* Begin PBXFileReference section */
		BE7F0967154C223F00D6CC65 /* StoreSearch.app */ = {isa = PBXFileReference; explicitFileType = wrapper.application; includeInIndex = 0; path = StoreSearch.app; sourceTree = BUILT_PRODUCTS_DIR; };
		BE7F096B154C223F00D6CC65 /* UIKit.framework */ = {isa = PBXFileReference; lastKnownFileType = wrapper.framework; name = UIKit.framework; path = System/Library/Frameworks/UIKit.framework; sourceTree = SDKROOT; };
		BE7F096D154C223F00D6CC65 /* Foundation.framework */ = {isa = PBXFileReference; lastKnownFileType = wrapper.framework; name = Foundation.framework; path = System/Library/Frameworks/Foundation.framework; sourceTree = SDKROOT; };
		BE7F096F154C223F00D6CC65 /* CoreGraphics.framework */ = {isa = PBXFileReference; lastKnownFileType = wrapper.framework; name = CoreGraphics.framework; path = System/Library/Frameworks/CoreGraphics.framework; sourceTree = SDKROOT; };
		BE7F0973154C223F00D6CC65 /* StoreSearch-Info.plist */ = {isa = PBXFileReference; lastKnownFileType = text.plist.xml; path = "StoreSearch-Info.plist"; sourceTree = "<group>"; };
		BE7F0975154C223F00D6CC65 /* en */ = {isa = PBXFileReference; lastKnownFileType = text.plist.strings; name = en; path = en.lproj/InfoPlist.strings; sourceTree = "<group>"; };
		BE7F0977154C223F00D6CC65 /* main.m */ = {isa = PBXFileReference; lastKnownFileType = sourcecode.c.objc; path = main.m; sourceTree = "<group>"; };
		BE7F0979154C223F00D6CC65 /* StoreSearch-Prefix.pch */ = {isa = PBXFileReference; lastKnownFileType = sourcecode.c.h; path = "StoreSearch-Prefix.pch"; sourceTree = "<group>"; };
		BE7F097A154C223F00D6CC65 /* AppDelegate.h */ = {isa = PBXFileReference; lastKnownFileType = sourcecode.c.h; path = AppDelegate.h; sourceTree = "<group>"; };
		BE7F097B154C223F00D6CC65 /* AppDelegate.m */ = {isa = PBXFileReference; lastKnownFileType = sourcecode.c.objc; path = AppDelegate.m; sourceTree = "<group>"; };
		BE7F097D154C223F00D6CC65 /* SearchViewController.h */ = {isa = PBXFileReference; lastKnownFileType = sourcecode.c.h; path = SearchViewController.h; sourceTree = "<group>"; };
		BE7F097E154C223F00D6CC65 /* SearchViewController.m */ = {isa = PBXFileReference; lastKnownFileType = sourcecode.c.objc; path = SearchViewController.m; sourceTree = "<group>"; };
		BE7F0981154C223F00D6CC65 /* en */ = {isa = PBXFileReference; lastKnownFileType = file.xib; name = en; path = en.lproj/SearchViewController.xib; sourceTree = "<group>"; };
		BE7F0988154C508D00D6CC65 /* SearchResult.h */ = {isa = PBXFileReference; fileEncoding = 4; lastKnownFileType = sourcecode.c.h; path = SearchResult.h; sourceTree = "<group>"; };
		BE7F0989154C508D00D6CC65 /* SearchResult.m */ = {isa = PBXFileReference; fileEncoding = 4; lastKnownFileType = sourcecode.c.objc; path = SearchResult.m; sourceTree = "<group>"; };
		BE7F098C154C631900D6CC65 /* BarTexture.png */ = {isa = PBXFileReference; lastKnownFileType = image.png; path = BarTexture.png; sourceTree = "<group>"; };
		BE7F098D154C631900D6CC65 /* BarTexture@2x.png */ = {isa = PBXFileReference; lastKnownFileType = image.png; path = "BarTexture@2x.png"; sourceTree = "<group>"; };
		BE7F098E154C631900D6CC65 /* CloseButton.png */ = {isa = PBXFileReference; lastKnownFileType = image.png; path = CloseButton.png; sourceTree = "<group>"; };
		BE7F098F154C631900D6CC65 /* CloseButton@2x.png */ = {isa = PBXFileReference; lastKnownFileType = image.png; path = "CloseButton@2x.png"; sourceTree = "<group>"; };
		BE7F0990154C631900D6CC65 /* DetailPlaceholder.png */ = {isa = PBXFileReference; lastKnownFileType = image.png; path = DetailPlaceholder.png; sourceTree = "<group>"; };
		BE7F0991154C631900D6CC65 /* DetailPlaceholder@2x.png */ = {isa = PBXFileReference; lastKnownFileType = image.png; path = "DetailPlaceholder@2x.png"; sourceTree = "<group>"; };
		BE7F0992154C631900D6CC65 /* LandscapeBackground.png */ = {isa = PBXFileReference; lastKnownFileType = image.png; path = LandscapeBackground.png; sourceTree = "<group>"; };
		BE7F0993154C631900D6CC65 /* LandscapeButton.png */ = {isa = PBXFileReference; lastKnownFileType = image.png; path = LandscapeButton.png; sourceTree = "<group>"; };
		BE7F0994154C631900D6CC65 /* LandscapeButton@2x.png */ = {isa = PBXFileReference; lastKnownFileType = image.png; path = "LandscapeButton@2x.png"; sourceTree = "<group>"; };
		BE7F0995154C631900D6CC65 /* Placeholder.png */ = {isa = PBXFileReference; lastKnownFileType = image.png; path = Placeholder.png; sourceTree = "<group>"; };
		BE7F0996154C631900D6CC65 /* Placeholder@2x.png */ = {isa = PBXFileReference; lastKnownFileType = image.png; path = "Placeholder@2x.png"; sourceTree = "<group>"; };
		BE7F0997154C631900D6CC65 /* SelectedTableCellGradient.png */ = {isa = PBXFileReference; lastKnownFileType = image.png; path = SelectedTableCellGradient.png; sourceTree = "<group>"; };
		BE7F0998154C631900D6CC65 /* StoreButton.png */ = {isa = PBXFileReference; lastKnownFileType = image.png; path = StoreButton.png; sourceTree = "<group>"; };
		BE7F0999154C631900D6CC65 /* StoreButton@2x.png */ = {isa = PBXFileReference; lastKnownFileType = image.png; path = "StoreButton@2x.png"; sourceTree = "<group>"; };
		BE7F099A154C631900D6CC65 /* TableCellGradient.png */ = {isa = PBXFileReference; lastKnownFileType = image.png; path = TableCellGradient.png; sourceTree = "<group>"; };
		BE7F09AA154C637700D6CC65 /* SearchResultCell.xib */ = {isa = PBXFileReference; fileEncoding = 4; lastKnownFileType = file.xib; path = SearchResultCell.xib; sourceTree = "<group>"; };
		BE7F09AC154C6E0A00D6CC65 /* SearchResultCell.h */ = {isa = PBXFileReference; fileEncoding = 4; lastKnownFileType = sourcecode.c.h; path = SearchResultCell.h; sourceTree = "<group>"; };
		BE7F09AD154C6E0A00D6CC65 /* SearchResultCell.m */ = {isa = PBXFileReference; fileEncoding = 4; lastKnownFileType = sourcecode.c.objc; path = SearchResultCell.m; sourceTree = "<group>"; };
		BE7F09AF154C842D00D6CC65 /* NothingFoundCell.xib */ = {isa = PBXFileReference; fileEncoding = 4; lastKnownFileType = file.xib; path = NothingFoundCell.xib; sourceTree = "<group>"; };
		BE7F09B2154C8AD800D6CC65 /* Icon-72.png */ = {isa = PBXFileReference; lastKnownFileType = image.png; path = "Icon-72.png"; sourceTree = "<group>"; };
		BE7F09B3154C8AD800D6CC65 /* Icon-Small-50.png */ = {isa = PBXFileReference; lastKnownFileType = image.png; path = "Icon-Small-50.png"; sourceTree = "<group>"; };
		BE7F09B4154C8AD800D6CC65 /* Icon-Small.png */ = {isa = PBXFileReference; lastKnownFileType = image.png; path = "Icon-Small.png"; sourceTree = "<group>"; };
		BE7F09B5154C8AD800D6CC65 /* Icon-Small@2x.png */ = {isa = PBXFileReference; lastKnownFileType = image.png; path = "Icon-Small@2x.png"; sourceTree = "<group>"; };
		BE7F09B6154C8AD800D6CC65 /* Icon.png */ = {isa = PBXFileReference; lastKnownFileType = image.png; path = Icon.png; sourceTree = "<group>"; };
		BE7F09B7154C8AD800D6CC65 /* Icon@2x.png */ = {isa = PBXFileReference; lastKnownFileType = image.png; path = "Icon@2x.png"; sourceTree = "<group>"; };
		BE7F09B8154C8AD800D6CC65 /* iTunesArtwork */ = {isa = PBXFileReference; lastKnownFileType = file; path = iTunesArtwork; sourceTree = "<group>"; };
		BEAB72A1154E1B46002C28C0 /* LoadingCell.xib */ = {isa = PBXFileReference; fileEncoding = 4; lastKnownFileType = file.xib; path = LoadingCell.xib; sourceTree = "<group>"; };
		BEAB72A5154F6789002C28C0 /* AFHTTPClient.h */ = {isa = PBXFileReference; fileEncoding = 4; lastKnownFileType = sourcecode.c.h; path = AFHTTPClient.h; sourceTree = "<group>"; };
		BEAB72A6154F6789002C28C0 /* AFHTTPClient.m */ = {isa = PBXFileReference; fileEncoding = 4; lastKnownFileType = sourcecode.c.objc; path = AFHTTPClient.m; sourceTree = "<group>"; };
		BEAB72A7154F6789002C28C0 /* AFHTTPRequestOperation.h */ = {isa = PBXFileReference; fileEncoding = 4; lastKnownFileType = sourcecode.c.h; path = AFHTTPRequestOperation.h; sourceTree = "<group>"; };
		BEAB72A8154F6789002C28C0 /* AFHTTPRequestOperation.m */ = {isa = PBXFileReference; fileEncoding = 4; lastKnownFileType = sourcecode.c.objc; path = AFHTTPRequestOperation.m; sourceTree = "<group>"; };
		BEAB72A9154F6789002C28C0 /* AFImageCache.h */ = {isa = PBXFileReference; fileEncoding = 4; lastKnownFileType = sourcecode.c.h; path = AFImageCache.h; sourceTree = "<group>"; };
		BEAB72AA154F6789002C28C0 /* AFImageCache.m */ = {isa = PBXFileReference; fileEncoding = 4; lastKnownFileType = sourcecode.c.objc; path = AFImageCache.m; sourceTree = "<group>"; };
		BEAB72AB154F6789002C28C0 /* AFImageRequestOperation.h */ = {isa = PBXFileReference; fileEncoding = 4; lastKnownFileType = sourcecode.c.h; path = AFImageRequestOperation.h; sourceTree = "<group>"; };
		BEAB72AC154F6789002C28C0 /* AFImageRequestOperation.m */ = {isa = PBXFileReference; fileEncoding = 4; lastKnownFileType = sourcecode.c.objc; path = AFImageRequestOperation.m; sourceTree = "<group>"; };
		BEAB72AD154F6789002C28C0 /* AFJSONRequestOperation.h */ = {isa = PBXFileReference; fileEncoding = 4; lastKnownFileType = sourcecode.c.h; path = AFJSONRequestOperation.h; sourceTree = "<group>"; };
		BEAB72AE154F6789002C28C0 /* AFJSONRequestOperation.m */ = {isa = PBXFileReference; fileEncoding = 4; lastKnownFileType = sourcecode.c.objc; path = AFJSONRequestOperation.m; sourceTree = "<group>"; };
		BEAB72AF154F6789002C28C0 /* AFJSONUtilities.h */ = {isa = PBXFileReference; fileEncoding = 4; lastKnownFileType = sourcecode.c.h; path = AFJSONUtilities.h; sourceTree = "<group>"; };
		BEAB72B0154F6789002C28C0 /* AFNetworkActivityIndicatorManager.h */ = {isa = PBXFileReference; fileEncoding = 4; lastKnownFileType = sourcecode.c.h; path = AFNetworkActivityIndicatorManager.h; sourceTree = "<group>"; };
		BEAB72B1154F6789002C28C0 /* AFNetworkActivityIndicatorManager.m */ = {isa = PBXFileReference; fileEncoding = 4; lastKnownFileType = sourcecode.c.objc; path = AFNetworkActivityIndicatorManager.m; sourceTree = "<group>"; };
		BEAB72B2154F6789002C28C0 /* AFNetworking.h */ = {isa = PBXFileReference; fileEncoding = 4; lastKnownFileType = sourcecode.c.h; path = AFNetworking.h; sourceTree = "<group>"; };
		BEAB72B3154F6789002C28C0 /* AFPropertyListRequestOperation.h */ = {isa = PBXFileReference; fileEncoding = 4; lastKnownFileType = sourcecode.c.h; path = AFPropertyListRequestOperation.h; sourceTree = "<group>"; };
		BEAB72B4154F6789002C28C0 /* AFPropertyListRequestOperation.m */ = {isa = PBXFileReference; fileEncoding = 4; lastKnownFileType = sourcecode.c.objc; path = AFPropertyListRequestOperation.m; sourceTree = "<group>"; };
		BEAB72B5154F6789002C28C0 /* AFURLConnectionOperation.h */ = {isa = PBXFileReference; fileEncoding = 4; lastKnownFileType = sourcecode.c.h; path = AFURLConnectionOperation.h; sourceTree = "<group>"; };
		BEAB72B6154F6789002C28C0 /* AFURLConnectionOperation.m */ = {isa = PBXFileReference; fileEncoding = 4; lastKnownFileType = sourcecode.c.objc; path = AFURLConnectionOperation.m; sourceTree = "<group>"; };
		BEAB72B7154F6789002C28C0 /* AFXMLRequestOperation.h */ = {isa = PBXFileReference; fileEncoding = 4; lastKnownFileType = sourcecode.c.h; path = AFXMLRequestOperation.h; sourceTree = "<group>"; };
		BEAB72B8154F6789002C28C0 /* AFXMLRequestOperation.m */ = {isa = PBXFileReference; fileEncoding = 4; lastKnownFileType = sourcecode.c.objc; path = AFXMLRequestOperation.m; sourceTree = "<group>"; };
		BEAB72B9154F6789002C28C0 /* UIImageView+AFNetworking.h */ = {isa = PBXFileReference; fileEncoding = 4; lastKnownFileType = sourcecode.c.h; path = "UIImageView+AFNetworking.h"; sourceTree = "<group>"; };
		BEAB72BA154F6789002C28C0 /* UIImageView+AFNetworking.m */ = {isa = PBXFileReference; fileEncoding = 4; lastKnownFileType = sourcecode.c.objc; path = "UIImageView+AFNetworking.m"; sourceTree = "<group>"; };
		BEAB72C6154F7B32002C28C0 /* Default.png */ = {isa = PBXFileReference; lastKnownFileType = image.png; path = Default.png; sourceTree = "<group>"; };
		BEAB72C7154F7B32002C28C0 /* Default@2x.png */ = {isa = PBXFileReference; lastKnownFileType = image.png; path = "Default@2x.png"; sourceTree = "<group>"; };
/* End PBXFileReference section */

/* Begin PBXFrameworksBuildPhase section */
		BE7F0964154C223F00D6CC65 /* Frameworks */ = {
			isa = PBXFrameworksBuildPhase;
			buildActionMask = 2147483647;
			files = (
				BE7F096C154C223F00D6CC65 /* UIKit.framework in Frameworks */,
				BE7F096E154C223F00D6CC65 /* Foundation.framework in Frameworks */,
				BE7F0970154C223F00D6CC65 /* CoreGraphics.framework in Frameworks */,
			);
			runOnlyForDeploymentPostprocessing = 0;
		};
/* End PBXFrameworksBuildPhase section */

/* Begin PBXGroup section */
		BE7F095C154C223F00D6CC65 = {
			isa = PBXGroup;
			children = (
				BE7F0971154C223F00D6CC65 /* StoreSearch */,
				BE7F096A154C223F00D6CC65 /* Frameworks */,
				BE7F0968154C223F00D6CC65 /* Products */,
			);
			sourceTree = "<group>";
		};
		BE7F0968154C223F00D6CC65 /* Products */ = {
			isa = PBXGroup;
			children = (
				BE7F0967154C223F00D6CC65 /* StoreSearch.app */,
			);
			name = Products;
			sourceTree = "<group>";
		};
		BE7F096A154C223F00D6CC65 /* Frameworks */ = {
			isa = PBXGroup;
			children = (
				BE7F096B154C223F00D6CC65 /* UIKit.framework */,
				BE7F096D154C223F00D6CC65 /* Foundation.framework */,
				BE7F096F154C223F00D6CC65 /* CoreGraphics.framework */,
			);
			name = Frameworks;
			sourceTree = "<group>";
		};
		BE7F0971154C223F00D6CC65 /* StoreSearch */ = {
			isa = PBXGroup;
			children = (
				BE7F097A154C223F00D6CC65 /* AppDelegate.h */,
				BE7F097B154C223F00D6CC65 /* AppDelegate.m */,
				BE7F097D154C223F00D6CC65 /* SearchViewController.h */,
				BE7F097E154C223F00D6CC65 /* SearchViewController.m */,
				BE7F0980154C223F00D6CC65 /* SearchViewController.xib */,
				BEAB72C5154F7B32002C28C0 /* Launch Images */,
				BEAB72A4154F6789002C28C0 /* AFNetworking */,
				BE7F09B1154C8AD700D6CC65 /* Icon */,
				BE7F098B154C631900D6CC65 /* Images */,
				BE7F0972154C223F00D6CC65 /* Supporting Files */,
				BE7F0988154C508D00D6CC65 /* SearchResult.h */,
				BE7F0989154C508D00D6CC65 /* SearchResult.m */,
				BE7F09AA154C637700D6CC65 /* SearchResultCell.xib */,
				BE7F09AC154C6E0A00D6CC65 /* SearchResultCell.h */,
				BE7F09AD154C6E0A00D6CC65 /* SearchResultCell.m */,
				BE7F09AF154C842D00D6CC65 /* NothingFoundCell.xib */,
				BEAB72A1154E1B46002C28C0 /* LoadingCell.xib */,
			);
			path = StoreSearch;
			sourceTree = "<group>";
		};
		BE7F0972154C223F00D6CC65 /* Supporting Files */ = {
			isa = PBXGroup;
			children = (
				BE7F0973154C223F00D6CC65 /* StoreSearch-Info.plist */,
				BE7F0974154C223F00D6CC65 /* InfoPlist.strings */,
				BE7F0977154C223F00D6CC65 /* main.m */,
				BE7F0979154C223F00D6CC65 /* StoreSearch-Prefix.pch */,
			);
			name = "Supporting Files";
			sourceTree = "<group>";
		};
		BE7F098B154C631900D6CC65 /* Images */ = {
			isa = PBXGroup;
			children = (
				BE7F098C154C631900D6CC65 /* BarTexture.png */,
				BE7F098D154C631900D6CC65 /* BarTexture@2x.png */,
				BE7F098E154C631900D6CC65 /* CloseButton.png */,
				BE7F098F154C631900D6CC65 /* CloseButton@2x.png */,
				BE7F0990154C631900D6CC65 /* DetailPlaceholder.png */,
				BE7F0991154C631900D6CC65 /* DetailPlaceholder@2x.png */,
				BE7F0992154C631900D6CC65 /* LandscapeBackground.png */,
				BE7F0993154C631900D6CC65 /* LandscapeButton.png */,
				BE7F0994154C631900D6CC65 /* LandscapeButton@2x.png */,
				BE7F0995154C631900D6CC65 /* Placeholder.png */,
				BE7F0996154C631900D6CC65 /* Placeholder@2x.png */,
				BE7F0997154C631900D6CC65 /* SelectedTableCellGradient.png */,
				BE7F0998154C631900D6CC65 /* StoreButton.png */,
				BE7F0999154C631900D6CC65 /* StoreButton@2x.png */,
				BE7F099A154C631900D6CC65 /* TableCellGradient.png */,
			);
			path = Images;
			sourceTree = "<group>";
		};
		BE7F09B1154C8AD700D6CC65 /* Icon */ = {
			isa = PBXGroup;
			children = (
				BE7F09B2154C8AD800D6CC65 /* Icon-72.png */,
				BE7F09B3154C8AD800D6CC65 /* Icon-Small-50.png */,
				BE7F09B4154C8AD800D6CC65 /* Icon-Small.png */,
				BE7F09B5154C8AD800D6CC65 /* Icon-Small@2x.png */,
				BE7F09B6154C8AD800D6CC65 /* Icon.png */,
				BE7F09B7154C8AD800D6CC65 /* Icon@2x.png */,
				BE7F09B8154C8AD800D6CC65 /* iTunesArtwork */,
			);
			path = Icon;
			sourceTree = "<group>";
		};
		BEAB72A4154F6789002C28C0 /* AFNetworking */ = {
			isa = PBXGroup;
			children = (
				BEAB72A5154F6789002C28C0 /* AFHTTPClient.h */,
				BEAB72A6154F6789002C28C0 /* AFHTTPClient.m */,
				BEAB72A7154F6789002C28C0 /* AFHTTPRequestOperation.h */,
				BEAB72A8154F6789002C28C0 /* AFHTTPRequestOperation.m */,
				BEAB72A9154F6789002C28C0 /* AFImageCache.h */,
				BEAB72AA154F6789002C28C0 /* AFImageCache.m */,
				BEAB72AB154F6789002C28C0 /* AFImageRequestOperation.h */,
				BEAB72AC154F6789002C28C0 /* AFImageRequestOperation.m */,
				BEAB72AD154F6789002C28C0 /* AFJSONRequestOperation.h */,
				BEAB72AE154F6789002C28C0 /* AFJSONRequestOperation.m */,
				BEAB72AF154F6789002C28C0 /* AFJSONUtilities.h */,
				BEAB72B0154F6789002C28C0 /* AFNetworkActivityIndicatorManager.h */,
				BEAB72B1154F6789002C28C0 /* AFNetworkActivityIndicatorManager.m */,
				BEAB72B2154F6789002C28C0 /* AFNetworking.h */,
				BEAB72B3154F6789002C28C0 /* AFPropertyListRequestOperation.h */,
				BEAB72B4154F6789002C28C0 /* AFPropertyListRequestOperation.m */,
				BEAB72B5154F6789002C28C0 /* AFURLConnectionOperation.h */,
				BEAB72B6154F6789002C28C0 /* AFURLConnectionOperation.m */,
				BEAB72B7154F6789002C28C0 /* AFXMLRequestOperation.h */,
				BEAB72B8154F6789002C28C0 /* AFXMLRequestOperation.m */,
				BEAB72B9154F6789002C28C0 /* UIImageView+AFNetworking.h */,
				BEAB72BA154F6789002C28C0 /* UIImageView+AFNetworking.m */,
			);
			path = AFNetworking;
			sourceTree = "<group>";
		};
		BEAB72C5154F7B32002C28C0 /* Launch Images */ = {
			isa = PBXGroup;
			children = (
				BEAB72C6154F7B32002C28C0 /* Default.png */,
				BEAB72C7154F7B32002C28C0 /* Default@2x.png */,
			);
			path = "Launch Images";
			sourceTree = "<group>";
		};
/* End PBXGroup section */

/* Begin PBXNativeTarget section */
		BE7F0966154C223F00D6CC65 /* StoreSearch */ = {
			isa = PBXNativeTarget;
			buildConfigurationList = BE7F0985154C223F00D6CC65 /* Build configuration list for PBXNativeTarget "StoreSearch" */;
			buildPhases = (
				BE7F0963154C223F00D6CC65 /* Sources */,
				BE7F0964154C223F00D6CC65 /* Frameworks */,
				BE7F0965154C223F00D6CC65 /* Resources */,
			);
			buildRules = (
			);
			dependencies = (
			);
			name = StoreSearch;
			productName = StoreSearch;
			productReference = BE7F0967154C223F00D6CC65 /* StoreSearch.app */;
			productType = "com.apple.product-type.application";
		};
/* End PBXNativeTarget section */

/* Begin PBXProject section */
		BE7F095E154C223F00D6CC65 /* Project object */ = {
			isa = PBXProject;
			attributes = {
				LastUpgradeCheck = 0430;
				ORGANIZATIONNAME = "CO-267 Jacobs Consultancy Ltd";
			};
			buildConfigurationList = BE7F0961154C223F00D6CC65 /* Build configuration list for PBXProject "StoreSearch" */;
			compatibilityVersion = "Xcode 3.2";
			developmentRegion = English;
			hasScannedForEncodings = 0;
			knownRegions = (
				en,
			);
			mainGroup = BE7F095C154C223F00D6CC65;
			productRefGroup = BE7F0968154C223F00D6CC65 /* Products */;
			projectDirPath = "";
			projectRoot = "";
			targets = (
				BE7F0966154C223F00D6CC65 /* StoreSearch */,
			);
		};
/* End PBXProject section */

/* Begin PBXResourcesBuildPhase section */
		BE7F0965154C223F00D6CC65 /* Resources */ = {
			isa = PBXResourcesBuildPhase;
			buildActionMask = 2147483647;
			files = (
				BE7F0976154C223F00D6CC65 /* InfoPlist.strings in Resources */,
				BE7F0982154C223F00D6CC65 /* SearchViewController.xib in Resources */,
				BE7F099B154C631900D6CC65 /* BarTexture.png in Resources */,
				BE7F099C154C631900D6CC65 /* BarTexture@2x.png in Resources */,
				BE7F099D154C631900D6CC65 /* CloseButton.png in Resources */,
				BE7F099E154C631900D6CC65 /* CloseButton@2x.png in Resources */,
				BE7F099F154C631900D6CC65 /* DetailPlaceholder.png in Resources */,
				BE7F09A0154C631900D6CC65 /* DetailPlaceholder@2x.png in Resources */,
				BE7F09A1154C631900D6CC65 /* LandscapeBackground.png in Resources */,
				BE7F09A2154C631900D6CC65 /* LandscapeButton.png in Resources */,
				BE7F09A3154C631900D6CC65 /* LandscapeButton@2x.png in Resources */,
				BE7F09A4154C631900D6CC65 /* Placeholder.png in Resources */,
				BE7F09A5154C631900D6CC65 /* Placeholder@2x.png in Resources */,
				BE7F09A6154C631900D6CC65 /* SelectedTableCellGradient.png in Resources */,
				BE7F09A7154C631900D6CC65 /* StoreButton.png in Resources */,
				BE7F09A8154C631900D6CC65 /* StoreButton@2x.png in Resources */,
				BE7F09A9154C631900D6CC65 /* TableCellGradient.png in Resources */,
				BE7F09AB154C637700D6CC65 /* SearchResultCell.xib in Resources */,
				BE7F09B0154C842D00D6CC65 /* NothingFoundCell.xib in Resources */,
				BE7F09B9154C8AD800D6CC65 /* Icon-72.png in Resources */,
				BE7F09BA154C8AD800D6CC65 /* Icon-Small-50.png in Resources */,
				BE7F09BB154C8AD800D6CC65 /* Icon-Small.png in Resources */,
				BE7F09BC154C8AD800D6CC65 /* Icon-Small@2x.png in Resources */,
				BE7F09BD154C8AD800D6CC65 /* Icon.png in Resources */,
				BE7F09BE154C8AD800D6CC65 /* Icon@2x.png in Resources */,
				BE7F09BF154C8AD800D6CC65 /* iTunesArtwork in Resources */,
				BEAB72A2154E1B46002C28C0 /* LoadingCell.xib in Resources */,
				BEAB72C8154F7B32002C28C0 /* Default.png in Resources */,
				BEAB72C9154F7B32002C28C0 /* Default@2x.png in Resources */,
			);
			runOnlyForDeploymentPostprocessing = 0;
		};
/* End PBXResourcesBuildPhase section */

/* Begin PBXSourcesBuildPhase section */
		BE7F0963154C223F00D6CC65 /* Sources */ = {
			isa = PBXSourcesBuildPhase;
			buildActionMask = 2147483647;
			files = (
				BE7F0978154C223F00D6CC65 /* main.m in Sources */,
				BE7F097C154C223F00D6CC65 /* AppDelegate.m in Sources */,
				BE7F097F154C223F00D6CC65 /* SearchViewController.m in Sources */,
				BE7F098A154C508D00D6CC65 /* SearchResult.m in Sources */,
				BE7F09AE154C6E0A00D6CC65 /* SearchResultCell.m in Sources */,
				BEAB72BB154F6789002C28C0 /* AFHTTPClient.m in Sources */,
				BEAB72BC154F6789002C28C0 /* AFHTTPRequestOperation.m in Sources */,
				BEAB72BD154F6789002C28C0 /* AFImageCache.m in Sources */,
				BEAB72BE154F6789002C28C0 /* AFImageRequestOperation.m in Sources */,
				BEAB72BF154F6789002C28C0 /* AFJSONRequestOperation.m in Sources */,
				BEAB72C0154F6789002C28C0 /* AFNetworkActivityIndicatorManager.m in Sources */,
				BEAB72C1154F6789002C28C0 /* AFPropertyListRequestOperation.m in Sources */,
				BEAB72C2154F6789002C28C0 /* AFURLConnectionOperation.m in Sources */,
				BEAB72C3154F6789002C28C0 /* AFXMLRequestOperation.m in Sources */,
				BEAB72C4154F6789002C28C0 /* UIImageView+AFNetworking.m in Sources */,
			);
			runOnlyForDeploymentPostprocessing = 0;
		};
/* End PBXSourcesBuildPhase section */

/* Begin PBXVariantGroup section */
		BE7F0974154C223F00D6CC65 /* InfoPlist.strings */ = {
			isa = PBXVariantGroup;
			children = (
				BE7F0975154C223F00D6CC65 /* en */,
			);
			name = InfoPlist.strings;
			sourceTree = "<group>";
		};
		BE7F0980154C223F00D6CC65 /* SearchViewController.xib */ = {
			isa = PBXVariantGroup;
			children = (
				BE7F0981154C223F00D6CC65 /* en */,
			);
			name = SearchViewController.xib;
			sourceTree = "<group>";
		};
/* End PBXVariantGroup section */

/* Begin XCBuildConfiguration section */
		BE7F0983154C223F00D6CC65 /* Debug */ = {
			isa = XCBuildConfiguration;
			buildSettings = {
				ALWAYS_SEARCH_USER_PATHS = NO;
				ARCHS = "$(ARCHS_STANDARD_32_BIT)";
				CLANG_ENABLE_OBJC_ARC = YES;
				"CODE_SIGN_IDENTITY[sdk=iphoneos*]" = "iPhone Developer";
				COPY_PHASE_STRIP = NO;
				GCC_C_LANGUAGE_STANDARD = gnu99;
				GCC_DYNAMIC_NO_PIC = NO;
				GCC_OPTIMIZATION_LEVEL = 0;
				GCC_PREPROCESSOR_DEFINITIONS = (
					"DEBUG=1",
					"$(inherited)",
				);
				GCC_SYMBOLS_PRIVATE_EXTERN = NO;
				GCC_VERSION = com.apple.compilers.llvm.clang.1_0;
				GCC_WARN_ABOUT_RETURN_TYPE = YES;
				GCC_WARN_UNINITIALIZED_AUTOS = YES;
				GCC_WARN_UNUSED_VARIABLE = YES;
				IPHONEOS_DEPLOYMENT_TARGET = 5.1;
				SDKROOT = iphoneos;
			};
			name = Debug;
		};
		BE7F0984154C223F00D6CC65 /* Release */ = {
			isa = XCBuildConfiguration;
			buildSettings = {
				ALWAYS_SEARCH_USER_PATHS = NO;
				ARCHS = "$(ARCHS_STANDARD_32_BIT)";
				CLANG_ENABLE_OBJC_ARC = YES;
				"CODE_SIGN_IDENTITY[sdk=iphoneos*]" = "iPhone Developer";
				COPY_PHASE_STRIP = YES;
				GCC_C_LANGUAGE_STANDARD = gnu99;
				GCC_VERSION = com.apple.compilers.llvm.clang.1_0;
				GCC_WARN_ABOUT_RETURN_TYPE = YES;
				GCC_WARN_UNINITIALIZED_AUTOS = YES;
				GCC_WARN_UNUSED_VARIABLE = YES;
				IPHONEOS_DEPLOYMENT_TARGET = 5.1;
				OTHER_CFLAGS = "-DNS_BLOCK_ASSERTIONS=1";
				SDKROOT = iphoneos;
				VALIDATE_PRODUCT = YES;
			};
			name = Release;
		};
		BE7F0986154C223F00D6CC65 /* Debug */ = {
			isa = XCBuildConfiguration;
			buildSettings = {
				GCC_PRECOMPILE_PREFIX_HEADER = YES;
				GCC_PREFIX_HEADER = "StoreSearch/StoreSearch-Prefix.pch";
				INFOPLIST_FILE = "StoreSearch/StoreSearch-Info.plist";
				PRODUCT_NAME = "$(TARGET_NAME)";
				RUN_CLANG_STATIC_ANALYZER = YES;
				WARNING_CFLAGS = "-Wall";
				WRAPPER_EXTENSION = app;
			};
			name = Debug;
		};
		BE7F0987154C223F00D6CC65 /* Release */ = {
			isa = XCBuildConfiguration;
			buildSettings = {
				GCC_PRECOMPILE_PREFIX_HEADER = YES;
				GCC_PREFIX_HEADER = "StoreSearch/StoreSearch-Prefix.pch";
				INFOPLIST_FILE = "StoreSearch/StoreSearch-Info.plist";
				PRODUCT_NAME = "$(TARGET_NAME)";
				RUN_CLANG_STATIC_ANALYZER = YES;
				WARNING_CFLAGS = "-Wall";
				WRAPPER_EXTENSION = app;
			};
			name = Release;
		};
/* End XCBuildConfiguration section */

/* Begin XCConfigurationList section */
		BE7F0961154C223F00D6CC65 /* Build configuration list for PBXProject "StoreSearch" */ = {
			isa = XCConfigurationList;
			buildConfigurations = (
				BE7F0983154C223F00D6CC65 /* Debug */,
				BE7F0984154C223F00D6CC65 /* Release */,
			);
			defaultConfigurationIsVisible = 0;
			defaultConfigurationName = Release;
		};
		BE7F0985154C223F00D6CC65 /* Build configuration list for PBXNativeTarget "StoreSearch" */ = {
			isa = XCConfigurationList;
			buildConfigurations = (
				BE7F0986154C223F00D6CC65 /* Debug */,
				BE7F0987154C223F00D6CC65 /* Release */,
			);
			defaultConfigurationIsVisible = 0;
			defaultConfigurationName = Release;
		};
/* End XCConfigurationList section */
	};
	rootObject = BE7F095E154C223F00D6CC65 /* Project object */;
}
